
Microsoft Visual Studio Solution File, Format Version 12.00
# Visual Studio Version 16
VisualStudioVersion = 16.0.28803.202
MinimumVisualStudioVersion = 10.0.40219.1
Project("{FAE04EC0-301F-11D3-BF4B-00C04F79EFBC}") = "Esame 20190117", "Esame 20190117\Esame 20190117.csproj", "{2ADB3054-EF45-43D8-A0A1-4824553F4ADB}"
EndProject
Global
	GlobalSection(SolutionConfigurationPlatforms) = preSolution
		Debug|Any CPU = Debug|Any CPU
		Release|Any CPU = Release|Any CPU
	EndGlobalSection
	GlobalSection(ProjectConfigurationPlatforms) = postSolution
		{2ADB3054-EF45-43D8-A0A1-4824553F4ADB}.Debug|Any CPU.ActiveCfg = Debug|Any CPU
		{2ADB3054-EF45-43D8-A0A1-4824553F4ADB}.Debug|Any CPU.Build.0 = Debug|Any CPU
		{2ADB3054-EF45-43D8-A0A1-4824553F4ADB}.Release|Any CPU.ActiveCfg = Release|Any CPU
		{2ADB3054-EF45-43D8-A0A1-4824553F4ADB}.Release|Any CPU.Build.0 = Release|Any CPU
	EndGlobalSection
	GlobalSection(SolutionProperties) = preSolution
		HideSolutionNode = FALSE
	EndGlobalSection
	GlobalSection(ExtensibilityGlobals) = postSolution
		SolutionGuid = {B1A43B39-F671-417E-8F12-BA8984C12E84}
	EndGlobalSection
EndGlobal
